# THIS IS AN AUTOGENERATED FILE. DO NOT EDIT THIS FILE DIRECTLY.
# yarn lockfile v1

"@hookform/resolvers@^5.0.1":
  version "5.0.1"
  resolved "https://registry.yarnpkg.com/@hookform/resolvers/-/resolvers-5.0.1.tgz#<integrity-hash>"
  dependencies:
    zod "^3.24.2"

"@radix-ui/react-dialog@^1.1.6":
  version "1.1.6"
  resolved "https://registry.yarnpkg.com/@radix-ui/react-dialog/-/react-dialog-1.1.6.tgz#<integrity-hash>"
  dependencies:
    react "^18.3.1"
    react-dom "^18.3.1"

"@radix-ui/react-label@^2.1.2":
  version "2.1.2"
  resolved "https://registry.yarnpkg.com/@radix-ui/react-label/-/react-label-2.1.2.tgz#<integrity-hash>"
  dependencies:
    react "^18.3.1"
    react-dom "^18.3.1"

"@radix-ui/react-slot@^1.1.2":
  version "1.1.2"
  resolved "https://registry.yarnpkg.com/@radix-ui/react-slot/-/react-slot-1.1.2.tgz#<integrity-hash>"
  dependencies:
    react "^18.3.1"
    react-dom "^18.3.1"

"clsx@^2.1.1":
  version "2.1.1"
  resolved "https://registry.yarnpkg.com/clsx/-/clsx-2.1.1.tgz#<integrity-hash>"

"lucide-react@^0.475.0":
  version "0.475.0"
  resolved "https://registry.yarnpkg.com/lucide-react/-/lucide-react-0.475.0.tgz#<integrity-hash>"
  dependencies:
    react "^18.3.1"

"next@^15.2.0":
  version "15.2.0"
  resolved "https://registry.yarnpkg.com/next/-/next-15.2.0.tgz#<integrity-hash>"
  dependencies:
    react "^18.3.1"
    react-dom "^18.3.1"

"react@^18.3.1":
  version "18.3.1"
  resolved "https://registry.yarnpkg.com/react/-/react-18.3.1.tgz#<integrity-hash>"

"react-dom@^18.3.1":
  version "18.3.1"
  resolved "https://registry.yarnpkg.com/react-dom/-/react-dom-18.3.1.tgz#<integrity-hash>"
  dependencies:
    react "^18.3.1"

"react-hook-form@^7.55.0":
  version "7.55.0"
  resolved "https://registry.yarnpkg.com/react-hook-form/-/react-hook-form-7.55.0.tgz#<integrity-hash>"
  dependencies:
    react "^18.3.1"

"tailwindcss@^3.4.17":
  version "3.4.17"
  resolved "https://registry.yarnpkg.com/tailwindcss/-/tailwindcss-3.4.17.tgz#<integrity-hash>"
  dependencies:
    postcss "^8.4.47"

"zod@^3.24.2":
  version "3.24.2"
  resolved "https://registry.yarnpkg.com/zod/-/zod-3.24.2.tgz#<integrity-hash>"

"@types/react@^18.3.18":
  version "18.3.18"
  resolved "https://registry.yarnpkg.com/@types/react/-/react-18.3.18.tgz#<integrity-hash>"
  dependencies:
    "@types/scheduler" "*"

"typescript@^5.7.3":
  version "5.7.3"
  resolved "https://registry.yarnpkg.com/typescript/-/typescript-5.7.3.tgz#<integrity-hash>"
  bin:
    tsc "bin/tsc"
    tsserver "bin/tsserver"

"eslint@^9.21.0":
  version "9.21.0"
  resolved "https://registry.yarnpkg.com/eslint/-/eslint-9.21.0.tgz#<integrity-hash>"
  dependencies:
    "@eslint/eslintrc" "^3.3.0"
    "@humanfs/node" "^0.16.6"
    debug "^4.3.2"
    eslint-scope "^8.2.0"

"sharp@^0.33.5":
  version "0.33.5"
  resolved "https://registry.yarnpkg.com/sharp/-/sharp-0.33.5.tgz#<integrity-hash>"
  optionalDependencies:
    "@img/sharp-darwin-arm64" "0.33.5"
    "@img/sharp-darwin-x64" "0.33.5"
    "@img/sharp-libvips-darwin-arm64" "1.0.4"
    "@img/sharp-libvips-darwin-x64" "1.0.4"